// !$*UTF8*$!
{
	archiveVersion = 1;
	classes = {
	};
	objectVersion = 50;
	objects = {

/* Begin PBXBuildFile section */
		7405203021CBA3F6003872FA /* AppDelegate.m in Sources */ = {isa = PBXBuildFile; fileRef = 7405202F21CBA3F6003872FA /* AppDelegate.m */; };
		7405203421CBA3F6003872FA /* QHTableRootViewController.m in Sources */ = {isa = PBXBuildFile; fileRef = 7405203321CBA3F6003872FA /* QHTableRootViewController.m */; };
		7405203721CBA3F6003872FA /* QHDetailRootViewController.m in Sources */ = {isa = PBXBuildFile; fileRef = 7405203621CBA3F6003872FA /* QHDetailRootViewController.m */; };
		7405203B21CBA3F6003872FA /* QHTableSubViewController.m in Sources */ = {isa = PBXBuildFile; fileRef = 7405203A21CBA3F6003872FA /* QHTableSubViewController.m */; };
		7405203D21CBA3F6003872FA /* QHTableSubViewController.xib in Resources */ = {isa = PBXBuildFile; fileRef = 7405203C21CBA3F6003872FA /* QHTableSubViewController.xib */; };
		7405204021CBA3F6003872FA /* ViewController.m in Sources */ = {isa = PBXBuildFile; fileRef = 7405203F21CBA3F6003872FA /* ViewController.m */; };
		7405204321CBA3F6003872FA /* Main.storyboard in Resources */ = {isa = PBXBuildFile; fileRef = 7405204121CBA3F6003872FA /* Main.storyboard */; };
		7405204521CBA3F7003872FA /* Assets.xcassets in Resources */ = {isa = PBXBuildFile; fileRef = 7405204421CBA3F7003872FA /* Assets.xcassets */; };
		7405204821CBA3F7003872FA /* LaunchScreen.storyboard in Resources */ = {isa = PBXBuildFile; fileRef = 7405204621CBA3F7003872FA /* LaunchScreen.storyboard */; };
		7405204B21CBA3F7003872FA /* main.m in Sources */ = {isa = PBXBuildFile; fileRef = 7405204A21CBA3F7003872FA /* main.m */; };
		7405205621CBABCA003872FA /* QHChatBaseView.m in Sources */ = {isa = PBXBuildFile; fileRef = 7405205521CBABCA003872FA /* QHChatBaseView.m */; };
		7405205F21CCB9A6003872FA /* QHViewUtil.m in Sources */ = {isa = PBXBuildFile; fileRef = 7405205E21CCB9A6003872FA /* QHViewUtil.m */; };
		7405206521CCE03C003872FA /* QHChatBaseModel.m in Sources */ = {isa = PBXBuildFile; fileRef = 7405206421CCE03C003872FA /* QHChatBaseModel.m */; };
		7405206A21CCF770003872FA /* QHChatDouyuView.m in Sources */ = {isa = PBXBuildFile; fileRef = 7405206921CCF770003872FA /* QHChatDouyuView.m */; };
		741C6E5921D7292000ED6E17 /* QHChatLiveCloudUtil.m in Sources */ = {isa = PBXBuildFile; fileRef = 741C6E5821D7292000ED6E17 /* QHChatLiveCloudUtil.m */; };
		74343D0721CFDE8B004243A0 /* QHChatBaseViewCell.m in Sources */ = {isa = PBXBuildFile; fileRef = 74343D0621CFDE8B004243A0 /* QHChatBaseViewCell.m */; };
		74343D0A21CFE228004243A0 /* QHChatBaseConfig.m in Sources */ = {isa = PBXBuildFile; fileRef = 74343D0921CFE228004243A0 /* QHChatBaseConfig.m */; };
		74343D0D21D0D017004243A0 /* NSTimer+QHEOCBlocksSupport.m in Sources */ = {isa = PBXBuildFile; fileRef = 74343D0B21D0D017004243A0 /* NSTimer+QHEOCBlocksSupport.m */; };
		74343D1421D1DEB4004243A0 /* QHChatBaseNewDataView.m in Sources */ = {isa = PBXBuildFile; fileRef = 74343D1321D1DEB4004243A0 /* QHChatBaseNewDataView.m */; };
		74343D1821D238FA004243A0 /* QHDouyuViewController.m in Sources */ = {isa = PBXBuildFile; fileRef = 74343D1621D238FA004243A0 /* QHDouyuViewController.m */; };
		74343D1921D238FA004243A0 /* QHDouyuViewController.xib in Resources */ = {isa = PBXBuildFile; fileRef = 74343D1721D238FA004243A0 /* QHDouyuViewController.xib */; };
		7434CBA221D4AF3B008E03B2 /* QHChatDouyuTipTableViewCell.m in Sources */ = {isa = PBXBuildFile; fileRef = 7434CBA021D4AF3B008E03B2 /* QHChatDouyuTipTableViewCell.m */; };
		7434CBA321D4AF3B008E03B2 /* QHChatDouyuTipTableViewCell.xib in Resources */ = {isa = PBXBuildFile; fileRef = 7434CBA121D4AF3B008E03B2 /* QHChatDouyuTipTableViewCell.xib */; };
		7434CBA621D4CDED008E03B2 /* QHChatBaseUtil.m in Sources */ = {isa = PBXBuildFile; fileRef = 7434CBA521D4CDED008E03B2 /* QHChatBaseUtil.m */; };
		7434CBA921D4D21D008E03B2 /* QHChatBaseUtil+DYText.m in Sources */ = {isa = PBXBuildFile; fileRef = 7434CBA821D4D21D008E03B2 /* QHChatBaseUtil+DYText.m */; };
		7434CBAD21D6000C008E03B2 /* QHLiveCloudViewController.m in Sources */ = {isa = PBXBuildFile; fileRef = 7434CBAB21D6000C008E03B2 /* QHLiveCloudViewController.m */; };
		7434CBAE21D6000C008E03B2 /* QHLiveCloudViewController.xib in Resources */ = {isa = PBXBuildFile; fileRef = 7434CBAC21D6000C008E03B2 /* QHLiveCloudViewController.xib */; };
		7434CBB121D60B7B008E03B2 /* QHChatLiveCloudView.m in Sources */ = {isa = PBXBuildFile; fileRef = 7434CBB021D60B7B008E03B2 /* QHChatLiveCloudView.m */; };
		7434CBB421D60DE3008E03B2 /* QHChatLiveCloudContentViewCell.m in Sources */ = {isa = PBXBuildFile; fileRef = 7434CBB321D60DE3008E03B2 /* QHChatLiveCloudContentViewCell.m */; };
		7434CBB721D62953008E03B2 /* QHChatLiveCloudNewDataView.m in Sources */ = {isa = PBXBuildFile; fileRef = 7434CBB621D62953008E03B2 /* QHChatLiveCloudNewDataView.m */; };
		7434CBBA21D642F2008E03B2 /* QHChatLiveCloudDateViewCell.m in Sources */ = {isa = PBXBuildFile; fileRef = 7434CBB921D642F2008E03B2 /* QHChatLiveCloudDateViewCell.m */; };
		743D416B21D362C1000FAF61 /* sex_xx@3x.webp in Resources */ = {isa = PBXBuildFile; fileRef = 743D416921D362C0000FAF61 /* sex_xx@3x.webp */; };
		743D416C21D362C1000FAF61 /* sex_xx@2x.webp in Resources */ = {isa = PBXBuildFile; fileRef = 743D416A21D362C0000FAF61 /* sex_xx@2x.webp */; };
		743D417121D382A7000FAF61 /* dy_level.png in Resources */ = {isa = PBXBuildFile; fileRef = 743D417021D382A6000FAF61 /* dy_level.png */; };
		745E0F99237544700064269E /* QHTKChatRoomView.m in Sources */ = {isa = PBXBuildFile; fileRef = 745E0F98237544700064269E /* QHTKChatRoomView.m */; };
		745E0F9E2375450E0064269E /* QHTKRoomChatContentViewCell.m in Sources */ = {isa = PBXBuildFile; fileRef = 745E0F9D2375450E0064269E /* QHTKRoomChatContentViewCell.m */; };
		745E0FA123754A0B0064269E /* QHTKRoomChatVIewUtil.m in Sources */ = {isa = PBXBuildFile; fileRef = 745E0FA023754A0B0064269E /* QHTKRoomChatVIewUtil.m */; };
		745E0FA523754F040064269E /* QHTKRoomChatViewController.m in Sources */ = {isa = PBXBuildFile; fileRef = 745E0FA323754F040064269E /* QHTKRoomChatViewController.m */; };
		745E0FA623754F040064269E /* QHTKRoomChatViewController.xib in Resources */ = {isa = PBXBuildFile; fileRef = 745E0FA423754F040064269E /* QHTKRoomChatViewController.xib */; };
		746FE5C522BA3097003C9AE0 /* QHSVLRoomChatContentViewCell.m in Sources */ = {isa = PBXBuildFile; fileRef = 746FE5C422BA3097003C9AE0 /* QHSVLRoomChatContentViewCell.m */; };
		746FE5C822BA30CC003C9AE0 /* QHSVLChatRoomView.m in Sources */ = {isa = PBXBuildFile; fileRef = 746FE5C722BA30CC003C9AE0 /* QHSVLChatRoomView.m */; };
		746FE5CC22BA3325003C9AE0 /* QHSVLRoomChatViewUtil.m in Sources */ = {isa = PBXBuildFile; fileRef = 746FE5CB22BA3325003C9AE0 /* QHSVLRoomChatViewUtil.m */; };
		746FE5D222BA3BC5003C9AE0 /* QHSVLRoomChatViewController.m in Sources */ = {isa = PBXBuildFile; fileRef = 746FE5D022BA3BC5003C9AE0 /* QHSVLRoomChatViewController.m */; };
		746FE5D322BA3BC5003C9AE0 /* QHSVLRoomChatViewController.xib in Resources */ = {isa = PBXBuildFile; fileRef = 746FE5D122BA3BC5003C9AE0 /* QHSVLRoomChatViewController.xib */; };
/* End PBXBuildFile section */

/* Begin PBXFileReference section */
		7405202B21CBA3F6003872FA /* QHChatDemo.app */ = {isa = PBXFileReference; explicitFileType = wrapper.application; includeInIndex = 0; path = QHChatDemo.app; sourceTree = BUILT_PRODUCTS_DIR; };
		7405202E21CBA3F6003872FA /* AppDelegate.h */ = {isa = PBXFileReference; lastKnownFileType = sourcecode.c.h; path = AppDelegate.h; sourceTree = "<group>"; };
		7405202F21CBA3F6003872FA /* AppDelegate.m */ = {isa = PBXFileReference; lastKnownFileType = sourcecode.c.objc; path = AppDelegate.m; sourceTree = "<group>"; };
		7405203221CBA3F6003872FA /* QHTableRootViewController.h */ = {isa = PBXFileReference; lastKnownFileType = sourcecode.c.h; name = QHTableRootViewController.h; path = QHTableController/QHTableRootViewController.h; sourceTree = "<group>"; };
		7405203321CBA3F6003872FA /* QHTableRootViewController.m */ = {isa = PBXFileReference; lastKnownFileType = sourcecode.c.objc; name = QHTableRootViewController.m; path = QHTableController/QHTableRootViewController.m; sourceTree = "<group>"; };
		7405203521CBA3F6003872FA /* QHDetailRootViewController.h */ = {isa = PBXFileReference; lastKnownFileType = sourcecode.c.h; name = QHDetailRootViewController.h; path = QHTableController/QHDetailRootViewController.h; sourceTree = "<group>"; };
		7405203621CBA3F6003872FA /* QHDetailRootViewController.m */ = {isa = PBXFileReference; lastKnownFileType = sourcecode.c.objc; name = QHDetailRootViewController.m; path = QHTableController/QHDetailRootViewController.m; sourceTree = "<group>"; };
		7405203921CBA3F6003872FA /* QHTableSubViewController.h */ = {isa = PBXFileReference; lastKnownFileType = sourcecode.c.h; name = QHTableSubViewController.h; path = QHTableSubController/QHTableSubViewController.h; sourceTree = "<group>"; };
		7405203A21CBA3F6003872FA /* QHTableSubViewController.m */ = {isa = PBXFileReference; lastKnownFileType = sourcecode.c.objc; name = QHTableSubViewController.m; path = QHTableSubController/QHTableSubViewController.m; sourceTree = "<group>"; };
		7405203C21CBA3F6003872FA /* QHTableSubViewController.xib */ = {isa = PBXFileReference; lastKnownFileType = file.xib; name = QHTableSubViewController.xib; path = QHTableSubController/QHTableSubViewController.xib; sourceTree = "<group>"; };
		7405203E21CBA3F6003872FA /* ViewController.h */ = {isa = PBXFileReference; lastKnownFileType = sourcecode.c.h; path = ViewController.h; sourceTree = "<group>"; };
		7405203F21CBA3F6003872FA /* ViewController.m */ = {isa = PBXFileReference; lastKnownFileType = sourcecode.c.objc; path = ViewController.m; sourceTree = "<group>"; };
		7405204221CBA3F6003872FA /* Base */ = {isa = PBXFileReference; lastKnownFileType = file.storyboard; name = Base; path = Base.lproj/Main.storyboard; sourceTree = "<group>"; };
		7405204421CBA3F7003872FA /* Assets.xcassets */ = {isa = PBXFileReference; lastKnownFileType = folder.assetcatalog; path = Assets.xcassets; sourceTree = "<group>"; };
		7405204721CBA3F7003872FA /* Base */ = {isa = PBXFileReference; lastKnownFileType = file.storyboard; name = Base; path = Base.lproj/LaunchScreen.storyboard; sourceTree = "<group>"; };
		7405204921CBA3F7003872FA /* Info.plist */ = {isa = PBXFileReference; lastKnownFileType = text.plist.xml; path = Info.plist; sourceTree = "<group>"; };
		7405204A21CBA3F7003872FA /* main.m */ = {isa = PBXFileReference; lastKnownFileType = sourcecode.c.objc; path = main.m; sourceTree = "<group>"; };
		7405205421CBABCA003872FA /* QHChatBaseView.h */ = {isa = PBXFileReference; lastKnownFileType = sourcecode.c.h; path = QHChatBaseView.h; sourceTree = "<group>"; };
		7405205521CBABCA003872FA /* QHChatBaseView.m */ = {isa = PBXFileReference; lastKnownFileType = sourcecode.c.objc; path = QHChatBaseView.m; sourceTree = "<group>"; };
		7405205D21CCB9A6003872FA /* QHViewUtil.h */ = {isa = PBXFileReference; lastKnownFileType = sourcecode.c.h; path = QHViewUtil.h; sourceTree = "<group>"; };
		7405205E21CCB9A6003872FA /* QHViewUtil.m */ = {isa = PBXFileReference; lastKnownFileType = sourcecode.c.objc; path = QHViewUtil.m; sourceTree = "<group>"; };
		7405206321CCE03C003872FA /* QHChatBaseModel.h */ = {isa = PBXFileReference; lastKnownFileType = sourcecode.c.h; path = QHChatBaseModel.h; sourceTree = "<group>"; };
		7405206421CCE03C003872FA /* QHChatBaseModel.m */ = {isa = PBXFileReference; lastKnownFileType = sourcecode.c.objc; path = QHChatBaseModel.m; sourceTree = "<group>"; };
		7405206821CCF770003872FA /* QHChatDouyuView.h */ = {isa = PBXFileReference; lastKnownFileType = sourcecode.c.h; path = QHChatDouyuView.h; sourceTree = "<group>"; };
		7405206921CCF770003872FA /* QHChatDouyuView.m */ = {isa = PBXFileReference; lastKnownFileType = sourcecode.c.objc; path = QHChatDouyuView.m; sourceTree = "<group>"; };
		741C6E5721D7292000ED6E17 /* QHChatLiveCloudUtil.h */ = {isa = PBXFileReference; lastKnownFileType = sourcecode.c.h; path = QHChatLiveCloudUtil.h; sourceTree = "<group>"; };
		741C6E5821D7292000ED6E17 /* QHChatLiveCloudUtil.m */ = {isa = PBXFileReference; lastKnownFileType = sourcecode.c.objc; path = QHChatLiveCloudUtil.m; sourceTree = "<group>"; };
		741C6E6021D7689100ED6E17 /* QHChatBaseProtocol.h */ = {isa = PBXFileReference; lastKnownFileType = sourcecode.c.h; path = QHChatBaseProtocol.h; sourceTree = "<group>"; };
		74343D0521CFDE8B004243A0 /* QHChatBaseViewCell.h */ = {isa = PBXFileReference; lastKnownFileType = sourcecode.c.h; path = QHChatBaseViewCell.h; sourceTree = "<group>"; };
		74343D0621CFDE8B004243A0 /* QHChatBaseViewCell.m */ = {isa = PBXFileReference; lastKnownFileType = sourcecode.c.objc; path = QHChatBaseViewCell.m; sourceTree = "<group>"; };
		74343D0821CFE228004243A0 /* QHChatBaseConfig.h */ = {isa = PBXFileReference; lastKnownFileType = sourcecode.c.h; path = QHChatBaseConfig.h; sourceTree = "<group>"; };
		74343D0921CFE228004243A0 /* QHChatBaseConfig.m */ = {isa = PBXFileReference; lastKnownFileType = sourcecode.c.objc; path = QHChatBaseConfig.m; sourceTree = "<group>"; };
		74343D0B21D0D017004243A0 /* NSTimer+QHEOCBlocksSupport.m */ = {isa = PBXFileReference; fileEncoding = 4; lastKnownFileType = sourcecode.c.objc; path = "NSTimer+QHEOCBlocksSupport.m"; sourceTree = "<group>"; };
		74343D0C21D0D017004243A0 /* NSTimer+QHEOCBlocksSupport.h */ = {isa = PBXFileReference; fileEncoding = 4; lastKnownFileType = sourcecode.c.h; path = "NSTimer+QHEOCBlocksSupport.h"; sourceTree = "<group>"; };
		74343D1221D1DEB4004243A0 /* QHChatBaseNewDataView.h */ = {isa = PBXFileReference; lastKnownFileType = sourcecode.c.h; path = QHChatBaseNewDataView.h; sourceTree = "<group>"; };
		74343D1321D1DEB4004243A0 /* QHChatBaseNewDataView.m */ = {isa = PBXFileReference; lastKnownFileType = sourcecode.c.objc; path = QHChatBaseNewDataView.m; sourceTree = "<group>"; };
		74343D1521D238FA004243A0 /* QHDouyuViewController.h */ = {isa = PBXFileReference; lastKnownFileType = sourcecode.c.h; name = QHDouyuViewController.h; path = QHTableSubController/QHDouyuViewController.h; sourceTree = "<group>"; };
		74343D1621D238FA004243A0 /* QHDouyuViewController.m */ = {isa = PBXFileReference; lastKnownFileType = sourcecode.c.objc; name = QHDouyuViewController.m; path = QHTableSubController/QHDouyuViewController.m; sourceTree = "<group>"; };
		74343D1721D238FA004243A0 /* QHDouyuViewController.xib */ = {isa = PBXFileReference; lastKnownFileType = file.xib; name = QHDouyuViewController.xib; path = QHTableSubController/QHDouyuViewController.xib; sourceTree = "<group>"; };
		7434CB9F21D4AF3B008E03B2 /* QHChatDouyuTipTableViewCell.h */ = {isa = PBXFileReference; lastKnownFileType = sourcecode.c.h; path = QHChatDouyuTipTableViewCell.h; sourceTree = "<group>"; };
		7434CBA021D4AF3B008E03B2 /* QHChatDouyuTipTableViewCell.m */ = {isa = PBXFileReference; lastKnownFileType = sourcecode.c.objc; path = QHChatDouyuTipTableViewCell.m; sourceTree = "<group>"; };
		7434CBA121D4AF3B008E03B2 /* QHChatDouyuTipTableViewCell.xib */ = {isa = PBXFileReference; lastKnownFileType = file.xib; path = QHChatDouyuTipTableViewCell.xib; sourceTree = "<group>"; };
		7434CBA421D4CDED008E03B2 /* QHChatBaseUtil.h */ = {isa = PBXFileReference; lastKnownFileType = sourcecode.c.h; path = QHChatBaseUtil.h; sourceTree = "<group>"; };
		7434CBA521D4CDED008E03B2 /* QHChatBaseUtil.m */ = {isa = PBXFileReference; lastKnownFileType = sourcecode.c.objc; path = QHChatBaseUtil.m; sourceTree = "<group>"; };
		7434CBA721D4D21D008E03B2 /* QHChatBaseUtil+DYText.h */ = {isa = PBXFileReference; lastKnownFileType = sourcecode.c.h; path = "QHChatBaseUtil+DYText.h"; sourceTree = "<group>"; };
		7434CBA821D4D21D008E03B2 /* QHChatBaseUtil+DYText.m */ = {isa = PBXFileReference; lastKnownFileType = sourcecode.c.objc; path = "QHChatBaseUtil+DYText.m"; sourceTree = "<group>"; };
		7434CBAA21D6000C008E03B2 /* QHLiveCloudViewController.h */ = {isa = PBXFileReference; lastKnownFileType = sourcecode.c.h; path = QHLiveCloudViewController.h; sourceTree = "<group>"; };
		7434CBAB21D6000C008E03B2 /* QHLiveCloudViewController.m */ = {isa = PBXFileReference; lastKnownFileType = sourcecode.c.objc; path = QHLiveCloudViewController.m; sourceTree = "<group>"; };
		7434CBAC21D6000C008E03B2 /* QHLiveCloudViewController.xib */ = {isa = PBXFileReference; lastKnownFileType = file.xib; path = QHLiveCloudViewController.xib; sourceTree = "<group>"; };
		7434CBAF21D60B7B008E03B2 /* QHChatLiveCloudView.h */ = {isa = PBXFileReference; lastKnownFileType = sourcecode.c.h; path = QHChatLiveCloudView.h; sourceTree = "<group>"; };
		7434CBB021D60B7B008E03B2 /* QHChatLiveCloudView.m */ = {isa = PBXFileReference; lastKnownFileType = sourcecode.c.objc; path = QHChatLiveCloudView.m; sourceTree = "<group>"; };
		7434CBB221D60DE3008E03B2 /* QHChatLiveCloudContentViewCell.h */ = {isa = PBXFileReference; lastKnownFileType = sourcecode.c.h; path = QHChatLiveCloudContentViewCell.h; sourceTree = "<group>"; };
		7434CBB321D60DE3008E03B2 /* QHChatLiveCloudContentViewCell.m */ = {isa = PBXFileReference; lastKnownFileType = sourcecode.c.objc; path = QHChatLiveCloudContentViewCell.m; sourceTree = "<group>"; };
		7434CBB521D62953008E03B2 /* QHChatLiveCloudNewDataView.h */ = {isa = PBXFileReference; lastKnownFileType = sourcecode.c.h; path = QHChatLiveCloudNewDataView.h; sourceTree = "<group>"; };
		7434CBB621D62953008E03B2 /* QHChatLiveCloudNewDataView.m */ = {isa = PBXFileReference; lastKnownFileType = sourcecode.c.objc; path = QHChatLiveCloudNewDataView.m; sourceTree = "<group>"; };
		7434CBB821D642F2008E03B2 /* QHChatLiveCloudDateViewCell.h */ = {isa = PBXFileReference; lastKnownFileType = sourcecode.c.h; path = QHChatLiveCloudDateViewCell.h; sourceTree = "<group>"; };
		7434CBB921D642F2008E03B2 /* QHChatLiveCloudDateViewCell.m */ = {isa = PBXFileReference; lastKnownFileType = sourcecode.c.objc; path = QHChatLiveCloudDateViewCell.m; sourceTree = "<group>"; };
		743D416921D362C0000FAF61 /* sex_xx@3x.webp */ = {isa = PBXFileReference; lastKnownFileType = file; path = "sex_xx@3x.webp"; sourceTree = "<group>"; };
		743D416A21D362C0000FAF61 /* sex_xx@2x.webp */ = {isa = PBXFileReference; lastKnownFileType = file; path = "sex_xx@2x.webp"; sourceTree = "<group>"; };
		743D417021D382A6000FAF61 /* dy_level.png */ = {isa = PBXFileReference; lastKnownFileType = image.png; path = dy_level.png; sourceTree = "<group>"; };
		745E0F97237544700064269E /* QHTKChatRoomView.h */ = {isa = PBXFileReference; lastKnownFileType = sourcecode.c.h; path = QHTKChatRoomView.h; sourceTree = "<group>"; };
		745E0F98237544700064269E /* QHTKChatRoomView.m */ = {isa = PBXFileReference; lastKnownFileType = sourcecode.c.objc; path = QHTKChatRoomView.m; sourceTree = "<group>"; };
		745E0F9C2375450E0064269E /* QHTKRoomChatContentViewCell.h */ = {isa = PBXFileReference; lastKnownFileType = sourcecode.c.h; path = QHTKRoomChatContentViewCell.h; sourceTree = "<group>"; };
		745E0F9D2375450E0064269E /* QHTKRoomChatContentViewCell.m */ = {isa = PBXFileReference; lastKnownFileType = sourcecode.c.objc; path = QHTKRoomChatContentViewCell.m; sourceTree = "<group>"; };
		745E0F9F23754A0B0064269E /* QHTKRoomChatVIewUtil.h */ = {isa = PBXFileReference; lastKnownFileType = sourcecode.c.h; path = QHTKRoomChatVIewUtil.h; sourceTree = "<group>"; };
		745E0FA023754A0B0064269E /* QHTKRoomChatVIewUtil.m */ = {isa = PBXFileReference; lastKnownFileType = sourcecode.c.objc; path = QHTKRoomChatVIewUtil.m; sourceTree = "<group>"; };
		745E0FA223754F040064269E /* QHTKRoomChatViewController.h */ = {isa = PBXFileReference; lastKnownFileType = sourcecode.c.h; path = QHTKRoomChatViewController.h; sourceTree = "<group>"; };
		745E0FA323754F040064269E /* QHTKRoomChatViewController.m */ = {isa = PBXFileReference; lastKnownFileType = sourcecode.c.objc; path = QHTKRoomChatViewController.m; sourceTree = "<group>"; };
		745E0FA423754F040064269E /* QHTKRoomChatViewController.xib */ = {isa = PBXFileReference; lastKnownFileType = file.xib; path = QHTKRoomChatViewController.xib; sourceTree = "<group>"; };
		746FE5C322BA3097003C9AE0 /* QHSVLRoomChatContentViewCell.h */ = {isa = PBXFileReference; lastKnownFileType = sourcecode.c.h; path = QHSVLRoomChatContentViewCell.h; sourceTree = "<group>"; };
		746FE5C422BA3097003C9AE0 /* QHSVLRoomChatContentViewCell.m */ = {isa = PBXFileReference; lastKnownFileType = sourcecode.c.objc; path = QHSVLRoomChatContentViewCell.m; sourceTree = "<group>"; };
		746FE5C622BA30CC003C9AE0 /* QHSVLChatRoomView.h */ = {isa = PBXFileReference; lastKnownFileType = sourcecode.c.h; path = QHSVLChatRoomView.h; sourceTree = "<group>"; };
		746FE5C722BA30CC003C9AE0 /* QHSVLChatRoomView.m */ = {isa = PBXFileReference; lastKnownFileType = sourcecode.c.objc; path = QHSVLChatRoomView.m; sourceTree = "<group>"; };
		746FE5CA22BA3325003C9AE0 /* QHSVLRoomChatViewUtil.h */ = {isa = PBXFileReference; lastKnownFileType = sourcecode.c.h; path = QHSVLRoomChatViewUtil.h; sourceTree = "<group>"; };
		746FE5CB22BA3325003C9AE0 /* QHSVLRoomChatViewUtil.m */ = {isa = PBXFileReference; lastKnownFileType = sourcecode.c.objc; path = QHSVLRoomChatViewUtil.m; sourceTree = "<group>"; };
		746FE5CE22BA35CD003C9AE0 /* QHSVLRoomChatViewUtilHeader.h */ = {isa = PBXFileReference; lastKnownFileType = sourcecode.c.h; path = QHSVLRoomChatViewUtilHeader.h; sourceTree = "<group>"; };
		746FE5CF22BA3BC5003C9AE0 /* QHSVLRoomChatViewController.h */ = {isa = PBXFileReference; lastKnownFileType = sourcecode.c.h; name = QHSVLRoomChatViewController.h; path = QHTableSubController/QHSVLRoomChatViewController.h; sourceTree = "<group>"; };
		746FE5D022BA3BC5003C9AE0 /* QHSVLRoomChatViewController.m */ = {isa = PBXFileReference; lastKnownFileType = sourcecode.c.objc; name = QHSVLRoomChatViewController.m; path = QHTableSubController/QHSVLRoomChatViewController.m; sourceTree = "<group>"; };
		746FE5D122BA3BC5003C9AE0 /* QHSVLRoomChatViewController.xib */ = {isa = PBXFileReference; lastKnownFileType = file.xib; name = QHSVLRoomChatViewController.xib; path = QHTableSubController/QHSVLRoomChatViewController.xib; sourceTree = "<group>"; };
/* End PBXFileReference section */

/* Begin PBXFrameworksBuildPhase section */
		7405202821CBA3F6003872FA /* Frameworks */ = {
			isa = PBXFrameworksBuildPhase;
			buildActionMask = 2147483647;
			files = (
			);
			runOnlyForDeploymentPostprocessing = 0;
		};
/* End PBXFrameworksBuildPhase section */

/* Begin PBXGroup section */
		7405202221CBA3F6003872FA = {
			isa = PBXGroup;
			children = (
				7405205B21CCB95F003872FA /* QHModuleMan */,
				7405202D21CBA3F6003872FA /* QHChatDemo */,
				7405202C21CBA3F6003872FA /* Products */,
			);
			sourceTree = "<group>";
		};
		7405202C21CBA3F6003872FA /* Products */ = {
			isa = PBXGroup;
			children = (
				7405202B21CBA3F6003872FA /* QHChatDemo.app */,
			);
			name = Products;
			sourceTree = "<group>";
		};
		7405202D21CBA3F6003872FA /* QHChatDemo */ = {
			isa = PBXGroup;
			children = (
				7405202E21CBA3F6003872FA /* AppDelegate.h */,
				7405202F21CBA3F6003872FA /* AppDelegate.m */,
				7405203E21CBA3F6003872FA /* ViewController.h */,
				7405203F21CBA3F6003872FA /* ViewController.m */,
				7405204121CBA3F6003872FA /* Main.storyboard */,
				7405204421CBA3F7003872FA /* Assets.xcassets */,
				7405204621CBA3F7003872FA /* LaunchScreen.storyboard */,
				7405204921CBA3F7003872FA /* Info.plist */,
				7405204A21CBA3F7003872FA /* main.m */,
				7405203121CBA3F6003872FA /* QHTableController */,
				7405203821CBA3F6003872FA /* QHTableSubController */,
			);
			path = QHChatDemo;
			sourceTree = "<group>";
		};
		7405203121CBA3F6003872FA /* QHTableController */ = {
			isa = PBXGroup;
			children = (
				7405203221CBA3F6003872FA /* QHTableRootViewController.h */,
				7405203321CBA3F6003872FA /* QHTableRootViewController.m */,
				7405203521CBA3F6003872FA /* QHDetailRootViewController.h */,
				7405203621CBA3F6003872FA /* QHDetailRootViewController.m */,
			);
			name = QHTableController;
			sourceTree = "<group>";
		};
		7405203821CBA3F6003872FA /* QHTableSubController */ = {
			isa = PBXGroup;
			children = (
				7405203921CBA3F6003872FA /* QHTableSubViewController.h */,
				7405203A21CBA3F6003872FA /* QHTableSubViewController.m */,
				7405203C21CBA3F6003872FA /* QHTableSubViewController.xib */,
				74343D1521D238FA004243A0 /* QHDouyuViewController.h */,
				74343D1621D238FA004243A0 /* QHDouyuViewController.m */,
				74343D1721D238FA004243A0 /* QHDouyuViewController.xib */,
				7434CBAA21D6000C008E03B2 /* QHLiveCloudViewController.h */,
				7434CBAB21D6000C008E03B2 /* QHLiveCloudViewController.m */,
				7434CBAC21D6000C008E03B2 /* QHLiveCloudViewController.xib */,
				746FE5CF22BA3BC5003C9AE0 /* QHSVLRoomChatViewController.h */,
				746FE5D022BA3BC5003C9AE0 /* QHSVLRoomChatViewController.m */,
				746FE5D122BA3BC5003C9AE0 /* QHSVLRoomChatViewController.xib */,
				745E0FA223754F040064269E /* QHTKRoomChatViewController.h */,
				745E0FA323754F040064269E /* QHTKRoomChatViewController.m */,
				745E0FA423754F040064269E /* QHTKRoomChatViewController.xib */,
			);
			name = QHTableSubController;
			sourceTree = "<group>";
		};
		7405205221CBA4AA003872FA /* QHChatMan */ = {
			isa = PBXGroup;
			children = (
				741C6E5F21D7513C00ED6E17 /* Views */,
				74343D1121D11A5C004243A0 /* Util */,
				7405205321CBA714003872FA /* Core */,
				7405206621CCF708003872FA /* Exp */,
			);
			path = QHChatMan;
			sourceTree = "<group>";
		};
		7405205321CBA714003872FA /* Core */ = {
			isa = PBXGroup;
			children = (
				741C6E6021D7689100ED6E17 /* QHChatBaseProtocol.h */,
				7405205421CBABCA003872FA /* QHChatBaseView.h */,
				7405205521CBABCA003872FA /* QHChatBaseView.m */,
				7405206321CCE03C003872FA /* QHChatBaseModel.h */,
				7405206421CCE03C003872FA /* QHChatBaseModel.m */,
				74343D0821CFE228004243A0 /* QHChatBaseConfig.h */,
				74343D0921CFE228004243A0 /* QHChatBaseConfig.m */,
			);
			path = Core;
			sourceTree = "<group>";
		};
		7405205B21CCB95F003872FA /* QHModuleMan */ = {
			isa = PBXGroup;
			children = (
				7405205C21CCB980003872FA /* QHUtilMan */,
				7405205221CBA4AA003872FA /* QHChatMan */,
			);
			path = QHModuleMan;
			sourceTree = "<group>";
		};
		7405205C21CCB980003872FA /* QHUtilMan */ = {
			isa = PBXGroup;
			children = (
				7405205D21CCB9A6003872FA /* QHViewUtil.h */,
				7405205E21CCB9A6003872FA /* QHViewUtil.m */,
				74343D0C21D0D017004243A0 /* NSTimer+QHEOCBlocksSupport.h */,
				74343D0B21D0D017004243A0 /* NSTimer+QHEOCBlocksSupport.m */,
			);
			path = QHUtilMan;
			sourceTree = "<group>";
		};
		7405206621CCF708003872FA /* Exp */ = {
			isa = PBXGroup;
			children = (
				7405206721CCF755003872FA /* DY */,
				74343D1B21D32C14004243A0 /* LC */,
				746FE5BE22BA2C79003C9AE0 /* SVL */,
				745E0F962375432A0064269E /* TK */,
			);
			path = Exp;
			sourceTree = "<group>";
		};
		7405206721CCF755003872FA /* DY */ = {
			isa = PBXGroup;
			children = (
				741C6E5E21D74FD300ED6E17 /* Util */,
				741C6E5D21D74FC500ED6E17 /* Views */,
				743D416421D36263000FAF61 /* Resource */,
				7405206821CCF770003872FA /* QHChatDouyuView.h */,
				7405206921CCF770003872FA /* QHChatDouyuView.m */,
			);
			path = DY;
			sourceTree = "<group>";
		};
		741C6E5A21D74F7F00ED6E17 /* Views */ = {
			isa = PBXGroup;
			children = (
				7434CBB521D62953008E03B2 /* QHChatLiveCloudNewDataView.h */,
				7434CBB621D62953008E03B2 /* QHChatLiveCloudNewDataView.m */,
				7434CBB221D60DE3008E03B2 /* QHChatLiveCloudContentViewCell.h */,
				7434CBB321D60DE3008E03B2 /* QHChatLiveCloudContentViewCell.m */,
				7434CBB821D642F2008E03B2 /* QHChatLiveCloudDateViewCell.h */,
				7434CBB921D642F2008E03B2 /* QHChatLiveCloudDateViewCell.m */,
			);
			path = Views;
			sourceTree = "<group>";
		};
		741C6E5C21D74FA900ED6E17 /* Util */ = {
			isa = PBXGroup;
			children = (
				741C6E5721D7292000ED6E17 /* QHChatLiveCloudUtil.h */,
				741C6E5821D7292000ED6E17 /* QHChatLiveCloudUtil.m */,
			);
			path = Util;
			sourceTree = "<group>";
		};
		741C6E5D21D74FC500ED6E17 /* Views */ = {
			isa = PBXGroup;
			children = (
				7434CB9F21D4AF3B008E03B2 /* QHChatDouyuTipTableViewCell.h */,
				7434CBA021D4AF3B008E03B2 /* QHChatDouyuTipTableViewCell.m */,
				7434CBA121D4AF3B008E03B2 /* QHChatDouyuTipTableViewCell.xib */,
			);
			path = Views;
			sourceTree = "<group>";
		};
		741C6E5E21D74FD300ED6E17 /* Util */ = {
			isa = PBXGroup;
			children = (
				7434CBA721D4D21D008E03B2 /* QHChatBaseUtil+DYText.h */,
				7434CBA821D4D21D008E03B2 /* QHChatBaseUtil+DYText.m */,
			);
			path = Util;
			sourceTree = "<group>";
		};
		741C6E5F21D7513C00ED6E17 /* Views */ = {
			isa = PBXGroup;
			children = (
				74343D1221D1DEB4004243A0 /* QHChatBaseNewDataView.h */,
				74343D1321D1DEB4004243A0 /* QHChatBaseNewDataView.m */,
				74343D0521CFDE8B004243A0 /* QHChatBaseViewCell.h */,
				74343D0621CFDE8B004243A0 /* QHChatBaseViewCell.m */,
			);
			path = Views;
			sourceTree = "<group>";
		};
		74343D1121D11A5C004243A0 /* Util */ = {
			isa = PBXGroup;
			children = (
				7434CBA421D4CDED008E03B2 /* QHChatBaseUtil.h */,
				7434CBA521D4CDED008E03B2 /* QHChatBaseUtil.m */,
			);
			path = Util;
			sourceTree = "<group>";
		};
		74343D1B21D32C14004243A0 /* LC */ = {
			isa = PBXGroup;
			children = (
				741C6E5C21D74FA900ED6E17 /* Util */,
				741C6E5A21D74F7F00ED6E17 /* Views */,
				7434CBAF21D60B7B008E03B2 /* QHChatLiveCloudView.h */,
				7434CBB021D60B7B008E03B2 /* QHChatLiveCloudView.m */,
			);
			path = LC;
			sourceTree = "<group>";
		};
		743D416421D36263000FAF61 /* Resource */ = {
			isa = PBXGroup;
			children = (
				743D417021D382A6000FAF61 /* dy_level.png */,
				743D416A21D362C0000FAF61 /* sex_xx@2x.webp */,
				743D416921D362C0000FAF61 /* sex_xx@3x.webp */,
			);
			path = Resource;
			sourceTree = "<group>";
		};
		745E0F962375432A0064269E /* TK */ = {
			isa = PBXGroup;
			children = (
				745E0F9B237544C40064269E /* Util */,
				745E0F9A237544BD0064269E /* Viewa */,
				745E0F97237544700064269E /* QHTKChatRoomView.h */,
				745E0F98237544700064269E /* QHTKChatRoomView.m */,
			);
			path = TK;
			sourceTree = "<group>";
		};
		745E0F9A237544BD0064269E /* Viewa */ = {
			isa = PBXGroup;
			children = (
				745E0F9C2375450E0064269E /* QHTKRoomChatContentViewCell.h */,
				745E0F9D2375450E0064269E /* QHTKRoomChatContentViewCell.m */,
			);
			path = Viewa;
			sourceTree = "<group>";
		};
		745E0F9B237544C40064269E /* Util */ = {
			isa = PBXGroup;
			children = (
				745E0F9F23754A0B0064269E /* QHTKRoomChatVIewUtil.h */,
				745E0FA023754A0B0064269E /* QHTKRoomChatVIewUtil.m */,
			);
			path = Util;
			sourceTree = "<group>";
		};
		746FE5BE22BA2C79003C9AE0 /* SVL */ = {
			isa = PBXGroup;
			children = (
				746FE5C922BA32D3003C9AE0 /* Util */,
				746FE5BF22BA2D2B003C9AE0 /* Views */,
				746FE5C622BA30CC003C9AE0 /* QHSVLChatRoomView.h */,
				746FE5C722BA30CC003C9AE0 /* QHSVLChatRoomView.m */,
			);
			path = SVL;
			sourceTree = "<group>";
		};
		746FE5BF22BA2D2B003C9AE0 /* Views */ = {
			isa = PBXGroup;
			children = (
				746FE5C322BA3097003C9AE0 /* QHSVLRoomChatContentViewCell.h */,
				746FE5C422BA3097003C9AE0 /* QHSVLRoomChatContentViewCell.m */,
			);
			path = Views;
			sourceTree = "<group>";
		};
		746FE5C922BA32D3003C9AE0 /* Util */ = {
			isa = PBXGroup;
			children = (
				746FE5CE22BA35CD003C9AE0 /* QHSVLRoomChatViewUtilHeader.h */,
				746FE5CA22BA3325003C9AE0 /* QHSVLRoomChatViewUtil.h */,
				746FE5CB22BA3325003C9AE0 /* QHSVLRoomChatViewUtil.m */,
			);
			path = Util;
			sourceTree = "<group>";
		};
/* End PBXGroup section */

/* Begin PBXNativeTarget section */
		7405202A21CBA3F6003872FA /* QHChatDemo */ = {
			isa = PBXNativeTarget;
			buildConfigurationList = 7405204E21CBA3F7003872FA /* Build configuration list for PBXNativeTarget "QHChatDemo" */;
			buildPhases = (
				7405202721CBA3F6003872FA /* Sources */,
				7405202821CBA3F6003872FA /* Frameworks */,
				7405202921CBA3F6003872FA /* Resources */,
			);
			buildRules = (
			);
			dependencies = (
			);
			name = QHChatDemo;
			productName = QHChatDemo;
			productReference = 7405202B21CBA3F6003872FA /* QHChatDemo.app */;
			productType = "com.apple.product-type.application";
		};
/* End PBXNativeTarget section */

/* Begin PBXProject section */
		7405202321CBA3F6003872FA /* Project object */ = {
			isa = PBXProject;
			attributes = {
				LastUpgradeCheck = 1010;
				ORGANIZATIONNAME = "Chen Network Technology";
				TargetAttributes = {
					7405202A21CBA3F6003872FA = {
						CreatedOnToolsVersion = 10.1;
					};
				};
			};
			buildConfigurationList = 7405202621CBA3F6003872FA /* Build configuration list for PBXProject "QHChatDemo" */;
			compatibilityVersion = "Xcode 9.3";
			developmentRegion = en;
			hasScannedForEncodings = 0;
			knownRegions = (
				en,
				Base,
			);
			mainGroup = 7405202221CBA3F6003872FA;
			productRefGroup = 7405202C21CBA3F6003872FA /* Products */;
			projectDirPath = "";
			projectRoot = "";
			targets = (
				7405202A21CBA3F6003872FA /* QHChatDemo */,
			);
		};
/* End PBXProject section */

/* Begin PBXResourcesBuildPhase section */
		7405202921CBA3F6003872FA /* Resources */ = {
			isa = PBXResourcesBuildPhase;
			buildActionMask = 2147483647;
			files = (
				7405203D21CBA3F6003872FA /* QHTableSubViewController.xib in Resources */,
				74343D1921D238FA004243A0 /* QHDouyuViewController.xib in Resources */,
				743D416C21D362C1000FAF61 /* sex_xx@2x.webp in Resources */,
				743D417121D382A7000FAF61 /* dy_level.png in Resources */,
				7405204821CBA3F7003872FA /* LaunchScreen.storyboard in Resources */,
				746FE5D322BA3BC5003C9AE0 /* QHSVLRoomChatViewController.xib in Resources */,
				7405204521CBA3F7003872FA /* Assets.xcassets in Resources */,
				745E0FA623754F040064269E /* QHTKRoomChatViewController.xib in Resources */,
				743D416B21D362C1000FAF61 /* sex_xx@3x.webp in Resources */,
				7405204321CBA3F6003872FA /* Main.storyboard in Resources */,
				7434CBA321D4AF3B008E03B2 /* QHChatDouyuTipTableViewCell.xib in Resources */,
				7434CBAE21D6000C008E03B2 /* QHLiveCloudViewController.xib in Resources */,
			);
			runOnlyForDeploymentPostprocessing = 0;
		};
/* End PBXResourcesBuildPhase section */

/* Begin PBXSourcesBuildPhase section */
		7405202721CBA3F6003872FA /* Sources */ = {
			isa = PBXSourcesBuildPhase;
			buildActionMask = 2147483647;
			files = (
				745E0FA123754A0B0064269E /* QHTKRoomChatVIewUtil.m in Sources */,
				746FE5C822BA30CC003C9AE0 /* QHSVLChatRoomView.m in Sources */,
				74343D1821D238FA004243A0 /* QHDouyuViewController.m in Sources */,
				7434CBA921D4D21D008E03B2 /* QHChatBaseUtil+DYText.m in Sources */,
				7434CBB721D62953008E03B2 /* QHChatLiveCloudNewDataView.m in Sources */,
				7434CBB421D60DE3008E03B2 /* QHChatLiveCloudContentViewCell.m in Sources */,
				7405203721CBA3F6003872FA /* QHDetailRootViewController.m in Sources */,
				74343D0D21D0D017004243A0 /* NSTimer+QHEOCBlocksSupport.m in Sources */,
				7405205F21CCB9A6003872FA /* QHViewUtil.m in Sources */,
				7434CBAD21D6000C008E03B2 /* QHLiveCloudViewController.m in Sources */,
				746FE5CC22BA3325003C9AE0 /* QHSVLRoomChatViewUtil.m in Sources */,
				745E0FA523754F040064269E /* QHTKRoomChatViewController.m in Sources */,
				746FE5D222BA3BC5003C9AE0 /* QHSVLRoomChatViewController.m in Sources */,
				7405203421CBA3F6003872FA /* QHTableRootViewController.m in Sources */,
				7405203021CBA3F6003872FA /* AppDelegate.m in Sources */,
				7405206521CCE03C003872FA /* QHChatBaseModel.m in Sources */,
				7405206A21CCF770003872FA /* QHChatDouyuView.m in Sources */,
				74343D0721CFDE8B004243A0 /* QHChatBaseViewCell.m in Sources */,
				7434CBB121D60B7B008E03B2 /* QHChatLiveCloudView.m in Sources */,
				741C6E5921D7292000ED6E17 /* QHChatLiveCloudUtil.m in Sources */,
				7434CBA621D4CDED008E03B2 /* QHChatBaseUtil.m in Sources */,
				74343D1421D1DEB4004243A0 /* QHChatBaseNewDataView.m in Sources */,
				745E0F99237544700064269E /* QHTKChatRoomView.m in Sources */,
				7434CBA221D4AF3B008E03B2 /* QHChatDouyuTipTableViewCell.m in Sources */,
				7405205621CBABCA003872FA /* QHChatBaseView.m in Sources */,
				745E0F9E2375450E0064269E /* QHTKRoomChatContentViewCell.m in Sources */,
				7434CBBA21D642F2008E03B2 /* QHChatLiveCloudDateViewCell.m in Sources */,
				7405203B21CBA3F6003872FA /* QHTableSubViewController.m in Sources */,
				746FE5C522BA3097003C9AE0 /* QHSVLRoomChatContentViewCell.m in Sources */,
				7405204B21CBA3F7003872FA /* main.m in Sources */,
				74343D0A21CFE228004243A0 /* QHChatBaseConfig.m in Sources */,
				7405204021CBA3F6003872FA /* ViewController.m in Sources */,
			);
			runOnlyForDeploymentPostprocessing = 0;
		};
/* End PBXSourcesBuildPhase section */

/* Begin PBXVariantGroup section */
		7405204121CBA3F6003872FA /* Main.storyboard */ = {
			isa = PBXVariantGroup;
			children = (
				7405204221CBA3F6003872FA /* Base */,
			);
			name = Main.storyboard;
			sourceTree = "<group>";
		};
		7405204621CBA3F7003872FA /* LaunchScreen.storyboard */ = {
			isa = PBXVariantGroup;
			children = (
				7405204721CBA3F7003872FA /* Base */,
			);
			name = LaunchScreen.storyboard;
			sourceTree = "<group>";
		};
/* End PBXVariantGroup section */

/* Begin XCBuildConfiguration section */
		7405204C21CBA3F7003872FA /* Debug */ = {
			isa = XCBuildConfiguration;
			buildSettings = {
				ALWAYS_SEARCH_USER_PATHS = NO;
				CLANG_ANALYZER_NONNULL = YES;
				CLANG_ANALYZER_NUMBER_OBJECT_CONVERSION = YES_AGGRESSIVE;
				CLANG_CXX_LANGUAGE_STANDARD = "gnu++14";
				CLANG_CXX_LIBRARY = "libc++";
				CLANG_ENABLE_MODULES = YES;
				CLANG_ENABLE_OBJC_ARC = YES;
				CLANG_ENABLE_OBJC_WEAK = YES;
				CLANG_WARN_BLOCK_CAPTURE_AUTORELEASING = YES;
				CLANG_WARN_BOOL_CONVERSION = YES;
				CLANG_WARN_COMMA = YES;
				CLANG_WARN_CONSTANT_CONVERSION = YES;
				CLANG_WARN_DEPRECATED_OBJC_IMPLEMENTATIONS = YES;
				CLANG_WARN_DIRECT_OBJC_ISA_USAGE = YES_ERROR;
				CLANG_WARN_DOCUMENTATION_COMMENTS = YES;
				CLANG_WARN_EMPTY_BODY = YES;
				CLANG_WARN_ENUM_CONVERSION = YES;
				CLANG_WARN_INFINITE_RECURSION = YES;
				CLANG_WARN_INT_CONVERSION = YES;
				CLANG_WARN_NON_LITERAL_NULL_CONVERSION = YES;
				CLANG_WARN_OBJC_IMPLICIT_RETAIN_SELF = YES;
				CLANG_WARN_OBJC_LITERAL_CONVERSION = YES;
				CLANG_WARN_OBJC_ROOT_CLASS = YES_ERROR;
				CLANG_WARN_RANGE_LOOP_ANALYSIS = YES;
				CLANG_WARN_STRICT_PROTOTYPES = YES;
				CLANG_WARN_SUSPICIOUS_MOVE = YES;
				CLANG_WARN_UNGUARDED_AVAILABILITY = YES_AGGRESSIVE;
				CLANG_WARN_UNREACHABLE_CODE = YES;
				CLANG_WARN__DUPLICATE_METHOD_MATCH = YES;
				CODE_SIGN_IDENTITY = "iPhone Developer";
				COPY_PHASE_STRIP = NO;
				DEBUG_INFORMATION_FORMAT = dwarf;
				ENABLE_STRICT_OBJC_MSGSEND = YES;
				ENABLE_TESTABILITY = YES;
				GCC_C_LANGUAGE_STANDARD = gnu11;
				GCC_DYNAMIC_NO_PIC = NO;
				GCC_NO_COMMON_BLOCKS = YES;
				GCC_OPTIMIZATION_LEVEL = 0;
				GCC_PREPROCESSOR_DEFINITIONS = (
					"DEBUG=1",
					"$(inherited)",
				);
				GCC_WARN_64_TO_32_BIT_CONVERSION = YES;
				GCC_WARN_ABOUT_RETURN_TYPE = YES_ERROR;
				GCC_WARN_UNDECLARED_SELECTOR = YES;
				GCC_WARN_UNINITIALIZED_AUTOS = YES_AGGRESSIVE;
				GCC_WARN_UNUSED_FUNCTION = YES;
				GCC_WARN_UNUSED_VARIABLE = YES;
				IPHONEOS_DEPLOYMENT_TARGET = 12.1;
				MTL_ENABLE_DEBUG_INFO = INCLUDE_SOURCE;
				MTL_FAST_MATH = YES;
				ONLY_ACTIVE_ARCH = YES;
				SDKROOT = iphoneos;
			};
			name = Debug;
		};
		7405204D21CBA3F7003872FA /* Release */ = {
			isa = XCBuildConfiguration;
			buildSettings = {
				ALWAYS_SEARCH_USER_PATHS = NO;
				CLANG_ANALYZER_NONNULL = YES;
				CLANG_ANALYZER_NUMBER_OBJECT_CONVERSION = YES_AGGRESSIVE;
				CLANG_CXX_LANGUAGE_STANDARD = "gnu++14";
				CLANG_CXX_LIBRARY = "libc++";
				CLANG_ENABLE_MODULES = YES;
				CLANG_ENABLE_OBJC_ARC = YES;
				CLANG_ENABLE_OBJC_WEAK = YES;
				CLANG_WARN_BLOCK_CAPTURE_AUTORELEASING = YES;
				CLANG_WARN_BOOL_CONVERSION = YES;
				CLANG_WARN_COMMA = YES;
				CLANG_WARN_CONSTANT_CONVERSION = YES;
				CLANG_WARN_DEPRECATED_OBJC_IMPLEMENTATIONS = YES;
				CLANG_WARN_DIRECT_OBJC_ISA_USAGE = YES_ERROR;
				CLANG_WARN_DOCUMENTATION_COMMENTS = YES;
				CLANG_WARN_EMPTY_BODY = YES;
				CLANG_WARN_ENUM_CONVERSION = YES;
				CLANG_WARN_INFINITE_RECURSION = YES;
				CLANG_WARN_INT_CONVERSION = YES;
				CLANG_WARN_NON_LITERAL_NULL_CONVERSION = YES;
				CLANG_WARN_OBJC_IMPLICIT_RETAIN_SELF = YES;
				CLANG_WARN_OBJC_LITERAL_CONVERSION = YES;
				CLANG_WARN_OBJC_ROOT_CLASS = YES_ERROR;
				CLANG_WARN_RANGE_LOOP_ANALYSIS = YES;
				CLANG_WARN_STRICT_PROTOTYPES = YES;
				CLANG_WARN_SUSPICIOUS_MOVE = YES;
				CLANG_WARN_UNGUARDED_AVAILABILITY = YES_AGGRESSIVE;
				CLANG_WARN_UNREACHABLE_CODE = YES;
				CLANG_WARN__DUPLICATE_METHOD_MATCH = YES;
				CODE_SIGN_IDENTITY = "iPhone Developer";
				COPY_PHASE_STRIP = NO;
				DEBUG_INFORMATION_FORMAT = "dwarf-with-dsym";
				ENABLE_NS_ASSERTIONS = NO;
				ENABLE_STRICT_OBJC_MSGSEND = YES;
				GCC_C_LANGUAGE_STANDARD = gnu11;
				GCC_NO_COMMON_BLOCKS = YES;
				GCC_WARN_64_TO_32_BIT_CONVERSION = YES;
				GCC_WARN_ABOUT_RETURN_TYPE = YES_ERROR;
				GCC_WARN_UNDECLARED_SELECTOR = YES;
				GCC_WARN_UNINITIALIZED_AUTOS = YES_AGGRESSIVE;
				GCC_WARN_UNUSED_FUNCTION = YES;
				GCC_WARN_UNUSED_VARIABLE = YES;
				IPHONEOS_DEPLOYMENT_TARGET = 12.1;
				MTL_ENABLE_DEBUG_INFO = NO;
				MTL_FAST_MATH = YES;
				SDKROOT = iphoneos;
				VALIDATE_PRODUCT = YES;
			};
			name = Release;
		};
		7405204F21CBA3F7003872FA /* Debug */ = {
			isa = XCBuildConfiguration;
			buildSettings = {
				CODE_SIGN_STYLE = Automatic;
				DEVELOPMENT_TEAM = JC9Y4K55DX;
				INFOPLIST_FILE = QHChatDemo/Info.plist;
				IPHONEOS_DEPLOYMENT_TARGET = 8.0;
				LD_RUNPATH_SEARCH_PATHS = (
					"$(inherited)",
					"@executable_path/Frameworks",
				);
				PRODUCT_BUNDLE_IDENTIFIER = com.chen.QHChatDemo;
				PRODUCT_NAME = "$(TARGET_NAME)";
				TARGETED_DEVICE_FAMILY = "1,2";
			};
			name = Debug;
		};
		7405205021CBA3F7003872FA /* Release */ = {
			isa = XCBuildConfiguration;
			buildSettings = {
				CODE_SIGN_STYLE = Automatic;
				DEVELOPMENT_TEAM = JC9Y4K55DX;
				INFOPLIST_FILE = QHChatDemo/Info.plist;
				IPHONEOS_DEPLOYMENT_TARGET = 8.0;
				LD_RUNPATH_SEARCH_PATHS = (
					"$(inherited)",
					"@executable_path/Frameworks",
				);
				PRODUCT_BUNDLE_IDENTIFIER = com.chen.QHChatDemo;
				PRODUCT_NAME = "$(TARGET_NAME)";
				TARGETED_DEVICE_FAMILY = "1,2";
			};
			name = Release;
		};
/* End XCBuildConfiguration section */

/* Begin XCConfigurationList section */
		7405202621CBA3F6003872FA /* Build configuration list for PBXProject "QHChatDemo" */ = {
			isa = XCConfigurationList;
			buildConfigurations = (
				7405204C21CBA3F7003872FA /* Debug */,
				7405204D21CBA3F7003872FA /* Release */,
			);
			defaultConfigurationIsVisible = 0;
			defaultConfigurationName = Release;
		};
		7405204E21CBA3F7003872FA /* Build configuration list for PBXNativeTarget "QHChatDemo" */ = {
			isa = XCConfigurationList;
			buildConfigurations = (
				7405204F21CBA3F7003872FA /* Debug */,
				7405205021CBA3F7003872FA /* Release */,
			);
			defaultConfigurationIsVisible = 0;
			defaultConfigurationName = Release;
		};
/* End XCConfigurationList section */
	};
	rootObject = 7405202321CBA3F6003872FA /* Project object */;
}
